{
  "name": "nudge",
  "version": "0.0.1",
  "lockfileVersion": 3,
  "requires": true,
  "packages": {
    "": {
      "name": "nudge",
      "version": "0.0.1",
      "workspaces": [
        "apps/*",
        "packages/*"
      ]
    },
    "node_modules/@nudge/shared-types": {
      "resolved": "packages/shared-types",
      "link": true
    },
    "packages/shared-types": {
      "name": "@nudge/shared-types",
      "version": "0.0.1"
    }
  }
}
